
Microsoft Visual Studio Solution File, Format Version 12.00
# Visual Studio 2012
Project("{FAE04EC0-301F-11D3-BF4B-00C04F79EFBC}") = "Model", "Model\Model.csproj", "{B2813088-BC05-44D1-9CAC-FC9B989D7812}"
EndProject
Project("{FAE04EC0-301F-11D3-BF4B-00C04F79EFBC}") = "BLL", "BLL\BLL.csproj", "{6D426C6D-E49F-4B57-BD92-0AFB5A9B6FD5}"
EndProject
Project("{FAE04EC0-301F-11D3-BF4B-00C04F79EFBC}") = "IDAL", "IDAL\IDAL.csproj", "{76A133E0-4D28-4DC2-B7D0-F27A963E4928}"
EndProject
Project("{FAE04EC0-301F-11D3-BF4B-00C04F79EFBC}") = "SQLServerDAL", "SQLServerDAL\SQLServerDAL.csproj", "{18EA973D-7866-4E1E-B39E-64E80C26941C}"
EndProject
Project("{FAE04EC0-301F-11D3-BF4B-00C04F79EFBC}") = "ICacheDependency", "ICacheDependency\ICacheDependency.csproj", "{E58170CF-29E0-4168-82ED-57D7AE0B077D}"
EndProject
Project("{FAE04EC0-301F-11D3-BF4B-00C04F79EFBC}") = "TableCacheDependency", "TableCacheDependency\TableCacheDependency.csproj", "{7771858D-040E-4A1D-9CDD-B83DC92F2FB9}"
EndProject
Project("{FAE04EC0-301F-11D3-BF4B-00C04F79EFBC}") = "IUtility", "IUtility\IUtility.csproj", "{4967287C-4472-460A-B531-FE5B93758A54}"
EndProject
Project("{FAE04EC0-301F-11D3-BF4B-00C04F79EFBC}") = "UtilityFactory", "UtilityFactory\UtilityFactory.csproj", "{06412E07-A49A-4FBB-B05A-3C1FF0F2B326}"
EndProject
Project("{FAE04EC0-301F-11D3-BF4B-00C04F79EFBC}") = "Utility", "Utility\Utility.csproj", "{BA936F8A-4203-4351-AB23-AD91F3820E7E}"
EndProject
Project("{FAE04EC0-301F-11D3-BF4B-00C04F79EFBC}") = "DALFactory", "DALFactory\DALFactory.csproj", "{5D9B2486-097C-4D13-96DB-C261DA8D8910}"
EndProject
Project("{FAE04EC0-301F-11D3-BF4B-00C04F79EFBC}") = "CacheDependencyFactory", "CacheDependencyFactory\CacheDependencyFactory.csproj", "{C3DAFC9E-09B3-4DB5-9DE5-58E97AFA5FBB}"
EndProject
Project("{FAE04EC0-301F-11D3-BF4B-00C04F79EFBC}") = "GadgetScripts", "GadgetScripts\GadgetScripts.csproj", "{D7067400-3D92-49B8-A2C1-0E4DDCD54933}"
EndProject
Project("{FAE04EC0-301F-11D3-BF4B-00C04F79EFBC}") = "Expose178Site", "Expose178Site\Expose178Site.csproj", "{D66D5754-032D-489E-9CD0-BCE10B754687}"
	ProjectSection(ProjectDependencies) = postProject
		{D7067400-3D92-49B8-A2C1-0E4DDCD54933} = {D7067400-3D92-49B8-A2C1-0E4DDCD54933}
		{06412E07-A49A-4FBB-B05A-3C1FF0F2B326} = {06412E07-A49A-4FBB-B05A-3C1FF0F2B326}
		{B2813088-BC05-44D1-9CAC-FC9B989D7812} = {B2813088-BC05-44D1-9CAC-FC9B989D7812}
		{C3DAFC9E-09B3-4DB5-9DE5-58E97AFA5FBB} = {C3DAFC9E-09B3-4DB5-9DE5-58E97AFA5FBB}
	EndProjectSection
EndProject
Global
	GlobalSection(SolutionConfigurationPlatforms) = preSolution
		Debug|Any CPU = Debug|Any CPU
		Release|Any CPU = Release|Any CPU
	EndGlobalSection
	GlobalSection(ProjectConfigurationPlatforms) = postSolution
		{B2813088-BC05-44D1-9CAC-FC9B989D7812}.Debug|Any CPU.ActiveCfg = Debug|Any CPU
		{B2813088-BC05-44D1-9CAC-FC9B989D7812}.Debug|Any CPU.Build.0 = Debug|Any CPU
		{B2813088-BC05-44D1-9CAC-FC9B989D7812}.Release|Any CPU.ActiveCfg = Release|Any CPU
		{B2813088-BC05-44D1-9CAC-FC9B989D7812}.Release|Any CPU.Build.0 = Release|Any CPU
		{6D426C6D-E49F-4B57-BD92-0AFB5A9B6FD5}.Debug|Any CPU.ActiveCfg = Debug|Any CPU
		{6D426C6D-E49F-4B57-BD92-0AFB5A9B6FD5}.Debug|Any CPU.Build.0 = Debug|Any CPU
		{6D426C6D-E49F-4B57-BD92-0AFB5A9B6FD5}.Release|Any CPU.ActiveCfg = Release|Any CPU
		{6D426C6D-E49F-4B57-BD92-0AFB5A9B6FD5}.Release|Any CPU.Build.0 = Release|Any CPU
		{76A133E0-4D28-4DC2-B7D0-F27A963E4928}.Debug|Any CPU.ActiveCfg = Debug|Any CPU
		{76A133E0-4D28-4DC2-B7D0-F27A963E4928}.Debug|Any CPU.Build.0 = Debug|Any CPU
		{76A133E0-4D28-4DC2-B7D0-F27A963E4928}.Release|Any CPU.ActiveCfg = Release|Any CPU
		{76A133E0-4D28-4DC2-B7D0-F27A963E4928}.Release|Any CPU.Build.0 = Release|Any CPU
		{18EA973D-7866-4E1E-B39E-64E80C26941C}.Debug|Any CPU.ActiveCfg = Debug|Any CPU
		{18EA973D-7866-4E1E-B39E-64E80C26941C}.Debug|Any CPU.Build.0 = Debug|Any CPU
		{18EA973D-7866-4E1E-B39E-64E80C26941C}.Release|Any CPU.ActiveCfg = Release|Any CPU
		{18EA973D-7866-4E1E-B39E-64E80C26941C}.Release|Any CPU.Build.0 = Release|Any CPU
		{E58170CF-29E0-4168-82ED-57D7AE0B077D}.Debug|Any CPU.ActiveCfg = Debug|Any CPU
		{E58170CF-29E0-4168-82ED-57D7AE0B077D}.Debug|Any CPU.Build.0 = Debug|Any CPU
		{E58170CF-29E0-4168-82ED-57D7AE0B077D}.Release|Any CPU.ActiveCfg = Release|Any CPU
		{E58170CF-29E0-4168-82ED-57D7AE0B077D}.Release|Any CPU.Build.0 = Release|Any CPU
		{7771858D-040E-4A1D-9CDD-B83DC92F2FB9}.Debug|Any CPU.ActiveCfg = Debug|Any CPU
		{7771858D-040E-4A1D-9CDD-B83DC92F2FB9}.Debug|Any CPU.Build.0 = Debug|Any CPU
		{7771858D-040E-4A1D-9CDD-B83DC92F2FB9}.Release|Any CPU.ActiveCfg = Release|Any CPU
		{7771858D-040E-4A1D-9CDD-B83DC92F2FB9}.Release|Any CPU.Build.0 = Release|Any CPU
		{4967287C-4472-460A-B531-FE5B93758A54}.Debug|Any CPU.ActiveCfg = Debug|Any CPU
		{4967287C-4472-460A-B531-FE5B93758A54}.Debug|Any CPU.Build.0 = Debug|Any CPU
		{4967287C-4472-460A-B531-FE5B93758A54}.Release|Any CPU.ActiveCfg = Release|Any CPU
		{4967287C-4472-460A-B531-FE5B93758A54}.Release|Any CPU.Build.0 = Release|Any CPU
		{06412E07-A49A-4FBB-B05A-3C1FF0F2B326}.Debug|Any CPU.ActiveCfg = Debug|Any CPU
		{06412E07-A49A-4FBB-B05A-3C1FF0F2B326}.Debug|Any CPU.Build.0 = Debug|Any CPU
		{06412E07-A49A-4FBB-B05A-3C1FF0F2B326}.Release|Any CPU.ActiveCfg = Release|Any CPU
		{06412E07-A49A-4FBB-B05A-3C1FF0F2B326}.Release|Any CPU.Build.0 = Release|Any CPU
		{BA936F8A-4203-4351-AB23-AD91F3820E7E}.Debug|Any CPU.ActiveCfg = Debug|Any CPU
		{BA936F8A-4203-4351-AB23-AD91F3820E7E}.Debug|Any CPU.Build.0 = Debug|Any CPU
		{BA936F8A-4203-4351-AB23-AD91F3820E7E}.Release|Any CPU.ActiveCfg = Release|Any CPU
		{BA936F8A-4203-4351-AB23-AD91F3820E7E}.Release|Any CPU.Build.0 = Release|Any CPU
		{5D9B2486-097C-4D13-96DB-C261DA8D8910}.Debug|Any CPU.ActiveCfg = Debug|Any CPU
		{5D9B2486-097C-4D13-96DB-C261DA8D8910}.Debug|Any CPU.Build.0 = Debug|Any CPU
		{5D9B2486-097C-4D13-96DB-C261DA8D8910}.Release|Any CPU.ActiveCfg = Release|Any CPU
		{5D9B2486-097C-4D13-96DB-C261DA8D8910}.Release|Any CPU.Build.0 = Release|Any CPU
		{C3DAFC9E-09B3-4DB5-9DE5-58E97AFA5FBB}.Debug|Any CPU.ActiveCfg = Debug|Any CPU
		{C3DAFC9E-09B3-4DB5-9DE5-58E97AFA5FBB}.Debug|Any CPU.Build.0 = Debug|Any CPU
		{C3DAFC9E-09B3-4DB5-9DE5-58E97AFA5FBB}.Release|Any CPU.ActiveCfg = Release|Any CPU
		{C3DAFC9E-09B3-4DB5-9DE5-58E97AFA5FBB}.Release|Any CPU.Build.0 = Release|Any CPU
		{D7067400-3D92-49B8-A2C1-0E4DDCD54933}.Debug|Any CPU.ActiveCfg = Debug|Any CPU
		{D7067400-3D92-49B8-A2C1-0E4DDCD54933}.Debug|Any CPU.Build.0 = Debug|Any CPU
		{D7067400-3D92-49B8-A2C1-0E4DDCD54933}.Release|Any CPU.ActiveCfg = Release|Any CPU
		{D7067400-3D92-49B8-A2C1-0E4DDCD54933}.Release|Any CPU.Build.0 = Release|Any CPU
		{D66D5754-032D-489E-9CD0-BCE10B754687}.Debug|Any CPU.ActiveCfg = Debug|Any CPU
		{D66D5754-032D-489E-9CD0-BCE10B754687}.Debug|Any CPU.Build.0 = Debug|Any CPU
		{D66D5754-032D-489E-9CD0-BCE10B754687}.Release|Any CPU.ActiveCfg = Release|Any CPU
		{D66D5754-032D-489E-9CD0-BCE10B754687}.Release|Any CPU.Build.0 = Release|Any CPU
	EndGlobalSection
	GlobalSection(SolutionProperties) = preSolution
		HideSolutionNode = FALSE
	EndGlobalSection
EndGlobal
